
Microsoft Visual Studio Solution File, Format Version 12.00
# Visual Studio Version 17
VisualStudioVersion = 17.5.002.0
MinimumVisualStudioVersion = 10.0.40219.1
Project("{9A19103F-16F7-4668-BE54-9A1E7A4F7556}") = "dotnet-astro", "dotnet-astro.csproj", "{5E8A82FB-D884-4D20-AE88-041AE75886BC}"
EndProject
Global
	GlobalSection(SolutionConfigurationPlatforms) = preSolution
		Debug|Any CPU = Debug|Any CPU
		Release|Any CPU = Release|Any CPU
	EndGlobalSection
	GlobalSection(ProjectConfigurationPlatforms) = postSolution
		{5E8A82FB-D884-4D20-AE88-041AE75886BC}.Debug|Any CPU.ActiveCfg = Debug|Any CPU
		{5E8A82FB-D884-4D20-AE88-041AE75886BC}.Debug|Any CPU.Build.0 = Debug|Any CPU
		{5E8A82FB-D884-4D20-AE88-041AE75886BC}.Release|Any CPU.ActiveCfg = Release|Any CPU
		{5E8A82FB-D884-4D20-AE88-041AE75886BC}.Release|Any CPU.Build.0 = Release|Any CPU
	EndGlobalSection
	GlobalSection(SolutionProperties) = preSolution
		HideSolutionNode = FALSE
	EndGlobalSection
	GlobalSection(ExtensibilityGlobals) = postSolution
		SolutionGuid = {9CDAA8BC-5E40-4759-8E2C-1EA094D464D9}
	EndGlobalSection
EndGlobal
